// !$*UTF8*$!
{
	archiveVersion = 1;
	classes = {
	};
	objectVersion = 50;
	objects = {

/* Begin PBXBuildFile section */
		42480107216C19F000A782D6 /* AppDelegate.swift in Sources */ = {isa = PBXBuildFile; fileRef = 42480106216C19F000A782D6 /* AppDelegate.swift */; };
		42480109216C19F000A782D6 /* EventViewController.swift in Sources */ = {isa = PBXBuildFile; fileRef = 42480108216C19F000A782D6 /* EventViewController.swift */; };
		4248010C216C19F000A782D6 /* Main.storyboard in Resources */ = {isa = PBXBuildFile; fileRef = 4248010A216C19F000A782D6 /* Main.storyboard */; };
		4248010E216C19F100A782D6 /* Assets.xcassets in Resources */ = {isa = PBXBuildFile; fileRef = 4248010D216C19F100A782D6 /* Assets.xcassets */; };
		42480111216C19F100A782D6 /* LaunchScreen.storyboard in Resources */ = {isa = PBXBuildFile; fileRef = 4248010F216C19F100A782D6 /* LaunchScreen.storyboard */; };
		42C68D59216D62A50002E7A8 /* RatingControl.swift in Sources */ = {isa = PBXBuildFile; fileRef = 42C68D58216D62A50002E7A8 /* RatingControl.swift */; };
		42C68D5B216D92D30002E7A8 /* Event.swift in Sources */ = {isa = PBXBuildFile; fileRef = 42C68D5A216D92D30002E7A8 /* Event.swift */; };
		42C68D65216D9AF40002E7A8 /* EventTrackerFinalTests.swift in Sources */ = {isa = PBXBuildFile; fileRef = 42C68D64216D9AF40002E7A8 /* EventTrackerFinalTests.swift */; };
		42C68D6D216E7D8A0002E7A8 /* EventTableViewCell.swift in Sources */ = {isa = PBXBuildFile; fileRef = 42C68D6C216E7D8A0002E7A8 /* EventTableViewCell.swift */; };
		42C68D6F216E848B0002E7A8 /* EventTableViewController.swift in Sources */ = {isa = PBXBuildFile; fileRef = 42C68D6E216E848B0002E7A8 /* EventTableViewController.swift */; };
/* End PBXBuildFile section */

/* Begin PBXContainerItemProxy section */
		42C68D67216D9AF40002E7A8 /* PBXContainerItemProxy */ = {
			isa = PBXContainerItemProxy;
			containerPortal = 424800FB216C19F000A782D6 /* Project object */;
			proxyType = 1;
			remoteGlobalIDString = 42480102216C19F000A782D6;
			remoteInfo = EventTrackerFinal;
		};
/* End PBXContainerItemProxy section */

/* Begin PBXFileReference section */
		42480103216C19F000A782D6 /* EventTrackerFinal.app */ = {isa = PBXFileReference; explicitFileType = wrapper.application; includeInIndex = 0; path = EventTrackerFinal.app; sourceTree = BUILT_PRODUCTS_DIR; };
		42480106216C19F000A782D6 /* AppDelegate.swift */ = {isa = PBXFileReference; lastKnownFileType = sourcecode.swift; path = AppDelegate.swift; sourceTree = "<group>"; };
		42480108216C19F000A782D6 /* EventViewController.swift */ = {isa = PBXFileReference; lastKnownFileType = sourcecode.swift; path = EventViewController.swift; sourceTree = "<group>"; };
		4248010B216C19F000A782D6 /* Base */ = {isa = PBXFileReference; lastKnownFileType = file.storyboard; name = Base; path = Base.lproj/Main.storyboard; sourceTree = "<group>"; };
		4248010D216C19F100A782D6 /* Assets.xcassets */ = {isa = PBXFileReference; lastKnownFileType = folder.assetcatalog; path = Assets.xcassets; sourceTree = "<group>"; };
		42480110216C19F100A782D6 /* Base */ = {isa = PBXFileReference; lastKnownFileType = file.storyboard; name = Base; path = Base.lproj/LaunchScreen.storyboard; sourceTree = "<group>"; };
		42480112216C19F100A782D6 /* Info.plist */ = {isa = PBXFileReference; lastKnownFileType = text.plist.xml; path = Info.plist; sourceTree = "<group>"; };
		42C68D58216D62A50002E7A8 /* RatingControl.swift */ = {isa = PBXFileReference; lastKnownFileType = sourcecode.swift; path = RatingControl.swift; sourceTree = "<group>"; };
		42C68D5A216D92D30002E7A8 /* Event.swift */ = {isa = PBXFileReference; lastKnownFileType = sourcecode.swift; path = Event.swift; sourceTree = "<group>"; };
		42C68D62216D9AF40002E7A8 /* EventTrackerFinalTests.xctest */ = {isa = PBXFileReference; explicitFileType = wrapper.cfbundle; includeInIndex = 0; path = EventTrackerFinalTests.xctest; sourceTree = BUILT_PRODUCTS_DIR; };
		42C68D64216D9AF40002E7A8 /* EventTrackerFinalTests.swift */ = {isa = PBXFileReference; lastKnownFileType = sourcecode.swift; path = EventTrackerFinalTests.swift; sourceTree = "<group>"; };
		42C68D66216D9AF40002E7A8 /* Info.plist */ = {isa = PBXFileReference; lastKnownFileType = text.plist.xml; path = Info.plist; sourceTree = "<group>"; };
		42C68D6C216E7D8A0002E7A8 /* EventTableViewCell.swift */ = {isa = PBXFileReference; lastKnownFileType = sourcecode.swift; path = EventTableViewCell.swift; sourceTree = "<group>"; };
		42C68D6E216E848B0002E7A8 /* EventTableViewController.swift */ = {isa = PBXFileReference; lastKnownFileType = sourcecode.swift; path = EventTableViewController.swift; sourceTree = "<group>"; };
/* End PBXFileReference section */

/* Begin PBXFrameworksBuildPhase section */
		42480100216C19F000A782D6 /* Frameworks */ = {
			isa = PBXFrameworksBuildPhase;
			buildActionMask = 2147483647;
			files = (
			);
			runOnlyForDeploymentPostprocessing = 0;
		};
		42C68D5F216D9AF40002E7A8 /* Frameworks */ = {
			isa = PBXFrameworksBuildPhase;
			buildActionMask = 2147483647;
			files = (
			);
			runOnlyForDeploymentPostprocessing = 0;
		};
/* End PBXFrameworksBuildPhase section */

/* Begin PBXGroup section */
		424800FA216C19F000A782D6 = {
			isa = PBXGroup;
			children = (
				42480105216C19F000A782D6 /* EventTrackerFinal */,
				42C68D63216D9AF40002E7A8 /* EventTrackerFinalTests */,
				42480104216C19F000A782D6 /* Products */,
			);
			sourceTree = "<group>";
		};
		42480104216C19F000A782D6 /* Products */ = {
			isa = PBXGroup;
			children = (
				42480103216C19F000A782D6 /* EventTrackerFinal.app */,
				42C68D62216D9AF40002E7A8 /* EventTrackerFinalTests.xctest */,
			);
			name = Products;
			sourceTree = "<group>";
		};
		42480105216C19F000A782D6 /* EventTrackerFinal */ = {
			isa = PBXGroup;
			children = (
				42480106216C19F000A782D6 /* AppDelegate.swift */,
				42480108216C19F000A782D6 /* EventViewController.swift */,
				42C68D58216D62A50002E7A8 /* RatingControl.swift */,
				42C68D5A216D92D30002E7A8 /* Event.swift */,
				42C68D6C216E7D8A0002E7A8 /* EventTableViewCell.swift */,
				42C68D6E216E848B0002E7A8 /* EventTableViewController.swift */,
				4248010A216C19F000A782D6 /* Main.storyboard */,
				4248010D216C19F100A782D6 /* Assets.xcassets */,
				4248010F216C19F100A782D6 /* LaunchScreen.storyboard */,
				42480112216C19F100A782D6 /* Info.plist */,
			);
			path = EventTrackerFinal;
			sourceTree = "<group>";
		};
		42C68D63216D9AF40002E7A8 /* EventTrackerFinalTests */ = {
			isa = PBXGroup;
			children = (
				42C68D64216D9AF40002E7A8 /* EventTrackerFinalTests.swift */,
				42C68D66216D9AF40002E7A8 /* Info.plist */,
			);
			path = EventTrackerFinalTests;
			sourceTree = "<group>";
		};
/* End PBXGroup section */

/* Begin PBXNativeTarget section */
		42480102216C19F000A782D6 /* EventTrackerFinal */ = {
			isa = PBXNativeTarget;
			buildConfigurationList = 42480115216C19F100A782D6 /* Build configuration list for PBXNativeTarget "EventTrackerFinal" */;
			buildPhases = (
				424800FF216C19F000A782D6 /* Sources */,
				42480100216C19F000A782D6 /* Frameworks */,
				42480101216C19F000A782D6 /* Resources */,
			);
			buildRules = (
			);
			dependencies = (
			);
			name = EventTrackerFinal;
			productName = EventTrackerFinal;
			productReference = 42480103216C19F000A782D6 /* EventTrackerFinal.app */;
			productType = "com.apple.product-type.application";
		};
		42C68D61216D9AF40002E7A8 /* EventTrackerFinalTests */ = {
			isa = PBXNativeTarget;
			buildConfigurationList = 42C68D69216D9AF40002E7A8 /* Build configuration list for PBXNativeTarget "EventTrackerFinalTests" */;
			buildPhases = (
				42C68D5E216D9AF40002E7A8 /* Sources */,
				42C68D5F216D9AF40002E7A8 /* Frameworks */,
				42C68D60216D9AF40002E7A8 /* Resources */,
			);
			buildRules = (
			);
			dependencies = (
				42C68D68216D9AF40002E7A8 /* PBXTargetDependency */,
			);
			name = EventTrackerFinalTests;
			productName = EventTrackerFinalTests;
			productReference = 42C68D62216D9AF40002E7A8 /* EventTrackerFinalTests.xctest */;
			productType = "com.apple.product-type.bundle.unit-test";
		};
/* End PBXNativeTarget section */

/* Begin PBXProject section */
		424800FB216C19F000A782D6 /* Project object */ = {
			isa = PBXProject;
			attributes = {
				LastSwiftUpdateCheck = 0940;
				LastUpgradeCheck = 0940;
				ORGANIZATIONNAME = CVTC;
				TargetAttributes = {
					42480102216C19F000A782D6 = {
						CreatedOnToolsVersion = 9.4.1;
					};
					42C68D61216D9AF40002E7A8 = {
						CreatedOnToolsVersion = 9.4.1;
						TestTargetID = 42480102216C19F000A782D6;
					};
				};
			};
			buildConfigurationList = 424800FE216C19F000A782D6 /* Build configuration list for PBXProject "EventTrackerFinal" */;
			compatibilityVersion = "Xcode 9.3";
			developmentRegion = en;
			hasScannedForEncodings = 0;
			knownRegions = (
				en,
				Base,
			);
			mainGroup = 424800FA216C19F000A782D6;
			productRefGroup = 42480104216C19F000A782D6 /* Products */;
			projectDirPath = "";
			projectRoot = "";
			targets = (
				42480102216C19F000A782D6 /* EventTrackerFinal */,
				42C68D61216D9AF40002E7A8 /* EventTrackerFinalTests */,
			);
		};
/* End PBXProject section */

/* Begin PBXResourcesBuildPhase section */
		42480101216C19F000A782D6 /* Resources */ = {
			isa = PBXResourcesBuildPhase;
			buildActionMask = 2147483647;
			files = (
				42480111216C19F100A782D6 /* LaunchScreen.storyboard in Resources */,
				4248010E216C19F100A782D6 /* Assets.xcassets in Resources */,
				4248010C216C19F000A782D6 /* Main.storyboard in Resources */,
			);
			runOnlyForDeploymentPostprocessing = 0;
		};
		42C68D60216D9AF40002E7A8 /* Resources */ = {
			isa = PBXResourcesBuildPhase;
			buildActionMask = 2147483647;
			files = (
			);
			runOnlyForDeploymentPostprocessing = 0;
		};
/* End PBXResourcesBuildPhase section */

/* Begin PBXSourcesBuildPhase section */
		424800FF216C19F000A782D6 /* Sources */ = {
			isa = PBXSourcesBuildPhase;
			buildActionMask = 2147483647;
			files = (
				42C68D5B216D92D30002E7A8 /* Event.swift in Sources */,
				42480109216C19F000A782D6 /* EventViewController.swift in Sources */,
				42C68D59216D62A50002E7A8 /* RatingControl.swift in Sources */,
				42C68D6D216E7D8A0002E7A8 /* EventTableViewCell.swift in Sources */,
				42C68D6F216E848B0002E7A8 /* EventTableViewController.swift in Sources */,
				42480107216C19F000A782D6 /* AppDelegate.swift in Sources */,
			);
			runOnlyForDeploymentPostprocessing = 0;
		};
		42C68D5E216D9AF40002E7A8 /* Sources */ = {
			isa = PBXSourcesBuildPhase;
			buildActionMask = 2147483647;
			files = (
				42C68D65216D9AF40002E7A8 /* EventTrackerFinalTests.swift in Sources */,
			);
			runOnlyForDeploymentPostprocessing = 0;
		};
/* End PBXSourcesBuildPhase section */

/* Begin PBXTargetDependency section */
		42C68D68216D9AF40002E7A8 /* PBXTargetDependency */ = {
			isa = PBXTargetDependency;
			target = 42480102216C19F000A782D6 /* EventTrackerFinal */;
			targetProxy = 42C68D67216D9AF40002E7A8 /* PBXContainerItemProxy */;
		};
/* End PBXTargetDependency section */

/* Begin PBXVariantGroup section */
		4248010A216C19F000A782D6 /* Main.storyboard */ = {
			isa = PBXVariantGroup;
			children = (
				4248010B216C19F000A782D6 /* Base */,
			);
			name = Main.storyboard;
			sourceTree = "<group>";
		};
		4248010F216C19F100A782D6 /* LaunchScreen.storyboard */ = {
			isa = PBXVariantGroup;
			children = (
				42480110216C19F100A782D6 /* Base */,
			);
			name = LaunchScreen.storyboard;
			sourceTree = "<group>";
		};
/* End PBXVariantGroup section */

/* Begin XCBuildConfiguration section */
		42480113216C19F100A782D6 /* Debug */ = {
			isa = XCBuildConfiguration;
			buildSettings = {
				ALWAYS_SEARCH_USER_PATHS = NO;
				CLANG_ANALYZER_NONNULL = YES;
				CLANG_ANALYZER_NUMBER_OBJECT_CONVERSION = YES_AGGRESSIVE;
				CLANG_CXX_LANGUAGE_STANDARD = "gnu++14";
				CLANG_CXX_LIBRARY = "libc++";
				CLANG_ENABLE_MODULES = YES;
				CLANG_ENABLE_OBJC_ARC = YES;
				CLANG_ENABLE_OBJC_WEAK = YES;
				CLANG_WARN_BLOCK_CAPTURE_AUTORELEASING = YES;
				CLANG_WARN_BOOL_CONVERSION = YES;
				CLANG_WARN_COMMA = YES;
				CLANG_WARN_CONSTANT_CONVERSION = YES;
				CLANG_WARN_DEPRECATED_OBJC_IMPLEMENTATIONS = YES;
				CLANG_WARN_DIRECT_OBJC_ISA_USAGE = YES_ERROR;
				CLANG_WARN_DOCUMENTATION_COMMENTS = YES;
				CLANG_WARN_EMPTY_BODY = YES;
				CLANG_WARN_ENUM_CONVERSION = YES;
				CLANG_WARN_INFINITE_RECURSION = YES;
				CLANG_WARN_INT_CONVERSION = YES;
				CLANG_WARN_NON_LITERAL_NULL_CONVERSION = YES;
				CLANG_WARN_OBJC_IMPLICIT_RETAIN_SELF = YES;
				CLANG_WARN_OBJC_LITERAL_CONVERSION = YES;
				CLANG_WARN_OBJC_ROOT_CLASS = YES_ERROR;
				CLANG_WARN_RANGE_LOOP_ANALYSIS = YES;
				CLANG_WARN_STRICT_PROTOTYPES = YES;
				CLANG_WARN_SUSPICIOUS_MOVE = YES;
				CLANG_WARN_UNGUARDED_AVAILABILITY = YES_AGGRESSIVE;
				CLANG_WARN_UNREACHABLE_CODE = YES;
				CLANG_WARN__DUPLICATE_METHOD_MATCH = YES;
				CODE_SIGN_IDENTITY = "iPhone Developer";
				COPY_PHASE_STRIP = NO;
				DEBUG_INFORMATION_FORMAT = dwarf;
				ENABLE_STRICT_OBJC_MSGSEND = YES;
				ENABLE_TESTABILITY = YES;
				GCC_C_LANGUAGE_STANDARD = gnu11;
				GCC_DYNAMIC_NO_PIC = NO;
				GCC_NO_COMMON_BLOCKS = YES;
				GCC_OPTIMIZATION_LEVEL = 0;
				GCC_PREPROCESSOR_DEFINITIONS = (
					"DEBUG=1",
					"$(inherited)",
				);
				GCC_WARN_64_TO_32_BIT_CONVERSION = YES;
				GCC_WARN_ABOUT_RETURN_TYPE = YES_ERROR;
				GCC_WARN_UNDECLARED_SELECTOR = YES;
				GCC_WARN_UNINITIALIZED_AUTOS = YES_AGGRESSIVE;
				GCC_WARN_UNUSED_FUNCTION = YES;
				GCC_WARN_UNUSED_VARIABLE = YES;
				IPHONEOS_DEPLOYMENT_TARGET = 11.4;
				MTL_ENABLE_DEBUG_INFO = YES;
				ONLY_ACTIVE_ARCH = YES;
				SDKROOT = iphoneos;
				SWIFT_ACTIVE_COMPILATION_CONDITIONS = DEBUG;
				SWIFT_OPTIMIZATION_LEVEL = "-Onone";
			};
			name = Debug;
		};
		42480114216C19F100A782D6 /* Release */ = {
			isa = XCBuildConfiguration;
			buildSettings = {
				ALWAYS_SEARCH_USER_PATHS = NO;
				CLANG_ANALYZER_NONNULL = YES;
				CLANG_ANALYZER_NUMBER_OBJECT_CONVERSION = YES_AGGRESSIVE;
				CLANG_CXX_LANGUAGE_STANDARD = "gnu++14";
				CLANG_CXX_LIBRARY = "libc++";
				CLANG_ENABLE_MODULES = YES;
				CLANG_ENABLE_OBJC_ARC = YES;
				CLANG_ENABLE_OBJC_WEAK = YES;
				CLANG_WARN_BLOCK_CAPTURE_AUTORELEASING = YES;
				CLANG_WARN_BOOL_CONVERSION = YES;
				CLANG_WARN_COMMA = YES;
				CLANG_WARN_CONSTANT_CONVERSION = YES;
				CLANG_WARN_DEPRECATED_OBJC_IMPLEMENTATIONS = YES;
				CLANG_WARN_DIRECT_OBJC_ISA_USAGE = YES_ERROR;
				CLANG_WARN_DOCUMENTATION_COMMENTS = YES;
				CLANG_WARN_EMPTY_BODY = YES;
				CLANG_WARN_ENUM_CONVERSION = YES;
				CLANG_WARN_INFINITE_RECURSION = YES;
				CLANG_WARN_INT_CONVERSION = YES;
				CLANG_WARN_NON_LITERAL_NULL_CONVERSION = YES;
				CLANG_WARN_OBJC_IMPLICIT_RETAIN_SELF = YES;
				CLANG_WARN_OBJC_LITERAL_CONVERSION = YES;
				CLANG_WARN_OBJC_ROOT_CLASS = YES_ERROR;
				CLANG_WARN_RANGE_LOOP_ANALYSIS = YES;
				CLANG_WARN_STRICT_PROTOTYPES = YES;
				CLANG_WARN_SUSPICIOUS_MOVE = YES;
				CLANG_WARN_UNGUARDED_AVAILABILITY = YES_AGGRESSIVE;
				CLANG_WARN_UNREACHABLE_CODE = YES;
				CLANG_WARN__DUPLICATE_METHOD_MATCH = YES;
				CODE_SIGN_IDENTITY = "iPhone Developer";
				COPY_PHASE_STRIP = NO;
				DEBUG_INFORMATION_FORMAT = "dwarf-with-dsym";
				ENABLE_NS_ASSERTIONS = NO;
				ENABLE_STRICT_OBJC_MSGSEND = YES;
				GCC_C_LANGUAGE_STANDARD = gnu11;
				GCC_NO_COMMON_BLOCKS = YES;
				GCC_WARN_64_TO_32_BIT_CONVERSION = YES;
				GCC_WARN_ABOUT_RETURN_TYPE = YES_ERROR;
				GCC_WARN_UNDECLARED_SELECTOR = YES;
				GCC_WARN_UNINITIALIZED_AUTOS = YES_AGGRESSIVE;
				GCC_WARN_UNUSED_FUNCTION = YES;
				GCC_WARN_UNUSED_VARIABLE = YES;
				IPHONEOS_DEPLOYMENT_TARGET = 11.4;
				MTL_ENABLE_DEBUG_INFO = NO;
				SDKROOT = iphoneos;
				SWIFT_COMPILATION_MODE = wholemodule;
				SWIFT_OPTIMIZATION_LEVEL = "-O";
				VALIDATE_PRODUCT = YES;
			};
			name = Release;
		};
		42480116216C19F100A782D6 /* Debug */ = {
			isa = XCBuildConfiguration;
			buildSettings = {
				ASSETCATALOG_COMPILER_APPICON_NAME = AppIcon;
				CODE_SIGN_STYLE = Automatic;
				DEVELOPMENT_TEAM = 88RCXMM958;
				INFOPLIST_FILE = EventTrackerFinal/Info.plist;
				LD_RUNPATH_SEARCH_PATHS = (
					"$(inherited)",
					"@executable_path/Frameworks",
				);
				PRODUCT_BUNDLE_IDENTIFIER = edu.cvtc.swift.EventTrackerFinal;
				PRODUCT_NAME = "$(TARGET_NAME)";
				SWIFT_VERSION = 4.0;
				TARGETED_DEVICE_FAMILY = "1,2";
			};
			name = Debug;
		};
		42480117216C19F100A782D6 /* Release */ = {
			isa = XCBuildConfiguration;
			buildSettings = {
				ASSETCATALOG_COMPILER_APPICON_NAME = AppIcon;
				CODE_SIGN_STYLE = Automatic;
				DEVELOPMENT_TEAM = 88RCXMM958;
				INFOPLIST_FILE = EventTrackerFinal/Info.plist;
				LD_RUNPATH_SEARCH_PATHS = (
					"$(inherited)",
					"@executable_path/Frameworks",
				);
				PRODUCT_BUNDLE_IDENTIFIER = edu.cvtc.swift.EventTrackerFinal;
				PRODUCT_NAME = "$(TARGET_NAME)";
				SWIFT_VERSION = 4.0;
				TARGETED_DEVICE_FAMILY = "1,2";
			};
			name = Release;
		};
		42C68D6A216D9AF40002E7A8 /* Debug */ = {
			isa = XCBuildConfiguration;
			buildSettings = {
				BUNDLE_LOADER = "$(TEST_HOST)";
				CODE_SIGN_STYLE = Automatic;
				INFOPLIST_FILE = EventTrackerFinalTests/Info.plist;
				LD_RUNPATH_SEARCH_PATHS = (
					"$(inherited)",
					"@executable_path/Frameworks",
					"@loader_path/Frameworks",
				);
				PRODUCT_BUNDLE_IDENTIFIER = edu.cvtc.swift.EventTrackerFinalTests;
				PRODUCT_NAME = "$(TARGET_NAME)";
				SWIFT_VERSION = 4.0;
				TARGETED_DEVICE_FAMILY = "1,2";
				TEST_HOST = "$(BUILT_PRODUCTS_DIR)/EventTrackerFinal.app/EventTrackerFinal";
			};
			name = Debug;
		};
		42C68D6B216D9AF40002E7A8 /* Release */ = {
			isa = XCBuildConfiguration;
			buildSettings = {
				BUNDLE_LOADER = "$(TEST_HOST)";
				CODE_SIGN_STYLE = Automatic;
				INFOPLIST_FILE = EventTrackerFinalTests/Info.plist;
				LD_RUNPATH_SEARCH_PATHS = (
					"$(inherited)",
					"@executable_path/Frameworks",
					"@loader_path/Frameworks",
				);
				PRODUCT_BUNDLE_IDENTIFIER = edu.cvtc.swift.EventTrackerFinalTests;
				PRODUCT_NAME = "$(TARGET_NAME)";
				SWIFT_VERSION = 4.0;
				TARGETED_DEVICE_FAMILY = "1,2";
				TEST_HOST = "$(BUILT_PRODUCTS_DIR)/EventTrackerFinal.app/EventTrackerFinal";
			};
			name = Release;
		};
/* End XCBuildConfiguration section */

/* Begin XCConfigurationList section */
		424800FE216C19F000A782D6 /* Build configuration list for PBXProject "EventTrackerFinal" */ = {
			isa = XCConfigurationList;
			buildConfigurations = (
				42480113216C19F100A782D6 /* Debug */,
				42480114216C19F100A782D6 /* Release */,
			);
			defaultConfigurationIsVisible = 0;
			defaultConfigurationName = Release;
		};
		42480115216C19F100A782D6 /* Build configuration list for PBXNativeTarget "EventTrackerFinal" */ = {
			isa = XCConfigurationList;
			buildConfigurations = (
				42480116216C19F100A782D6 /* Debug */,
				42480117216C19F100A782D6 /* Release */,
			);
			defaultConfigurationIsVisible = 0;
			defaultConfigurationName = Release;
		};
		42C68D69216D9AF40002E7A8 /* Build configuration list for PBXNativeTarget "EventTrackerFinalTests" */ = {
			isa = XCConfigurationList;
			buildConfigurations = (
				42C68D6A216D9AF40002E7A8 /* Debug */,
				42C68D6B216D9AF40002E7A8 /* Release */,
			);
			defaultConfigurationIsVisible = 0;
			defaultConfigurationName = Release;
		};
/* End XCConfigurationList section */
	};
	rootObject = 424800FB216C19F000A782D6 /* Project object */;
}
